{
  "version": 4,
  "terraform_version": "1.7.5",
  "serial": 159,
  "lineage": "7c7fa575-6259-da30-52f8-b5b7c5466f59",
  "outputs": {
    "subnet_ids": {
      "value": [
        "subnet-01126ecf89335cfb7",
        "subnet-015c0d22465c1a320",
        "subnet-043d6002b1c2fa406",
        "subnet-078613bbafffc2118"
      ],
      "type": [
        "tuple",
        [
          "string",
          "string",
          "string",
          "string"
        ]
      ]
    }
  },
  "resources": [
    {
      "mode": "data",
      "type": "aws_ami",
      "name": "stack_ami",
      "provider": "provider[\"registry.terraform.io/hashicorp/aws\"]",
      "instances": [
        {
          "schema_version": 0,
          "attributes": {
            "architecture": "x86_64",
            "arn": "arn:aws:ec2:us-east-1::image/ami-06e338ebabfd5b06f",
            "block_device_mappings": [
              {
                "device_name": "/dev/xvda",
                "ebs": {
                  "delete_on_termination": "true",
                  "encrypted": "false",
                  "iops": "0",
                  "snapshot_id": "snap-01509382b55b08a0f",
                  "throughput": "0",
                  "volume_size": "8",
                  "volume_type": "gp2"
                },
                "no_device": "",
                "virtual_name": ""
              }
            ],
            "boot_mode": "",
            "creation_date": "2024-03-12T03:57:58.000Z",
            "deprecation_time": "",
            "description": "ami-stack-1.0",
            "ena_support": true,
            "executable_users": null,
            "filter": [
              {
                "name": "name",
                "values": [
                  "ami-stack-*"
                ]
              }
            ],
            "hypervisor": "xen",
            "id": "ami-06e338ebabfd5b06f",
            "image_id": "ami-06e338ebabfd5b06f",
            "image_location": "533267419089/ami-stack-1.0",
            "image_owner_alias": "",
            "image_type": "machine",
            "imds_support": "",
            "include_deprecated": false,
            "kernel_id": "",
            "most_recent": true,
            "name": "ami-stack-1.0",
            "name_regex": "^ami-stack-.*",
            "owner_id": "533267419089",
            "owners": [
              "self"
            ],
            "platform": "",
            "platform_details": "Linux/UNIX",
            "product_codes": [],
            "public": false,
            "ramdisk_id": "",
            "root_device_name": "/dev/xvda",
            "root_device_type": "ebs",
            "root_snapshot_id": "snap-01509382b55b08a0f",
            "sriov_net_support": "simple",
            "state": "available",
            "state_reason": {
              "code": "UNSET",
              "message": "UNSET"
            },
            "tags": {},
            "timeouts": null,
            "tpm_support": "",
            "usage_operation": "RunInstances",
            "virtualization_type": "hvm"
          },
          "sensitive_attributes": []
        }
      ]
    },
    {
      "mode": "data",
      "type": "aws_subnet",
      "name": "stack_sub",
      "provider": "provider[\"registry.terraform.io/hashicorp/aws\"]",
      "instances": [
        {
          "index_key": "subnet-01126ecf89335cfb7",
          "schema_version": 0,
          "attributes": {
            "arn": "arn:aws:ec2:us-east-1:533267419089:subnet/subnet-01126ecf89335cfb7",
            "assign_ipv6_address_on_creation": false,
            "availability_zone": "us-east-1c",
            "availability_zone_id": "use1-az6",
            "available_ip_address_count": 4087,
            "cidr_block": "172.31.32.0/20",
            "customer_owned_ipv4_pool": "",
            "default_for_az": true,
            "enable_dns64": false,
            "enable_lni_at_device_index": 0,
            "enable_resource_name_dns_a_record_on_launch": false,
            "enable_resource_name_dns_aaaa_record_on_launch": false,
            "filter": null,
            "id": "subnet-01126ecf89335cfb7",
            "ipv6_cidr_block": "",
            "ipv6_cidr_block_association_id": "",
            "ipv6_native": false,
            "map_customer_owned_ip_on_launch": false,
            "map_public_ip_on_launch": true,
            "outpost_arn": "",
            "owner_id": "533267419089",
            "private_dns_hostname_type_on_launch": "ip-name",
            "state": "available",
            "tags": {},
            "timeouts": null,
            "vpc_id": "vpc-0d7572c32c89d9d9f"
          },
          "sensitive_attributes": []
        },
        {
          "index_key": "subnet-015c0d22465c1a320",
          "schema_version": 0,
          "attributes": {
            "arn": "arn:aws:ec2:us-east-1:533267419089:subnet/subnet-015c0d22465c1a320",
            "assign_ipv6_address_on_creation": false,
            "availability_zone": "us-east-1d",
            "availability_zone_id": "use1-az1",
            "available_ip_address_count": 4087,
            "cidr_block": "172.31.0.0/20",
            "customer_owned_ipv4_pool": "",
            "default_for_az": true,
            "enable_dns64": false,
            "enable_lni_at_device_index": 0,
            "enable_resource_name_dns_a_record_on_launch": false,
            "enable_resource_name_dns_aaaa_record_on_launch": false,
            "filter": null,
            "id": "subnet-015c0d22465c1a320",
            "ipv6_cidr_block": "",
            "ipv6_cidr_block_association_id": "",
            "ipv6_native": false,
            "map_customer_owned_ip_on_launch": false,
            "map_public_ip_on_launch": true,
            "outpost_arn": "",
            "owner_id": "533267419089",
            "private_dns_hostname_type_on_launch": "ip-name",
            "state": "available",
            "tags": {},
            "timeouts": null,
            "vpc_id": "vpc-0d7572c32c89d9d9f"
          },
          "sensitive_attributes": []
        },
        {
          "index_key": "subnet-043d6002b1c2fa406",
          "schema_version": 0,
          "attributes": {
            "arn": "arn:aws:ec2:us-east-1:533267419089:subnet/subnet-043d6002b1c2fa406",
            "assign_ipv6_address_on_creation": false,
            "availability_zone": "us-east-1a",
            "availability_zone_id": "use1-az2",
            "available_ip_address_count": 4088,
            "cidr_block": "172.31.80.0/20",
            "customer_owned_ipv4_pool": "",
            "default_for_az": true,
            "enable_dns64": false,
            "enable_lni_at_device_index": 0,
            "enable_resource_name_dns_a_record_on_launch": false,
            "enable_resource_name_dns_aaaa_record_on_launch": false,
            "filter": null,
            "id": "subnet-043d6002b1c2fa406",
            "ipv6_cidr_block": "",
            "ipv6_cidr_block_association_id": "",
            "ipv6_native": false,
            "map_customer_owned_ip_on_launch": false,
            "map_public_ip_on_launch": true,
            "outpost_arn": "",
            "owner_id": "533267419089",
            "private_dns_hostname_type_on_launch": "ip-name",
            "state": "available",
            "tags": {},
            "timeouts": null,
            "vpc_id": "vpc-0d7572c32c89d9d9f"
          },
          "sensitive_attributes": []
        },
        {
          "index_key": "subnet-078613bbafffc2118",
          "schema_version": 0,
          "attributes": {
            "arn": "arn:aws:ec2:us-east-1:533267419089:subnet/subnet-078613bbafffc2118",
            "assign_ipv6_address_on_creation": false,
            "availability_zone": "us-east-1b",
            "availability_zone_id": "use1-az4",
            "available_ip_address_count": 4089,
            "cidr_block": "172.31.16.0/20",
            "customer_owned_ipv4_pool": "",
            "default_for_az": true,
            "enable_dns64": false,
            "enable_lni_at_device_index": 0,
            "enable_resource_name_dns_a_record_on_launch": false,
            "enable_resource_name_dns_aaaa_record_on_launch": false,
            "filter": null,
            "id": "subnet-078613bbafffc2118",
            "ipv6_cidr_block": "",
            "ipv6_cidr_block_association_id": "",
            "ipv6_native": false,
            "map_customer_owned_ip_on_launch": false,
            "map_public_ip_on_launch": true,
            "outpost_arn": "",
            "owner_id": "533267419089",
            "private_dns_hostname_type_on_launch": "ip-name",
            "state": "available",
            "tags": {},
            "timeouts": null,
            "vpc_id": "vpc-0d7572c32c89d9d9f"
          },
          "sensitive_attributes": []
        }
      ]
    },
    {
      "mode": "data",
      "type": "aws_subnets",
      "name": "stack_sub",
      "provider": "provider[\"registry.terraform.io/hashicorp/aws\"]",
      "instances": [
        {
          "schema_version": 0,
          "attributes": {
            "filter": [
              {
                "name": "vpc-id",
                "values": [
                  "vpc-0d7572c32c89d9d9f"
                ]
              }
            ],
            "id": "us-east-1",
            "ids": [
              "subnet-01126ecf89335cfb7",
              "subnet-015c0d22465c1a320",
              "subnet-043d6002b1c2fa406",
              "subnet-078613bbafffc2118"
            ],
            "tags": null,
            "timeouts": null
          },
          "sensitive_attributes": []
        }
      ]
    },
    {
      "mode": "data",
      "type": "template_file",
      "name": "bootstrap",
      "provider": "provider[\"registry.terraform.io/hashicorp/template\"]",
      "instances": [
        {
          "schema_version": 0,
          "attributes": {
            "filename": null,
            "id": "3919f45d46b121b607678510b5052bd22a7f804017f978b12317c500df63374f",
            "rendered": "#!/bin/bash\n\nsudo yum update -y\nsudo yum install git -y\nsudo amazon-linux-extras install -y lamp-mariadb10.2-php7.2 php7.2\nsudo yum install -y httpd mariadb-server\nsudo systemctl start httpd\nsudo systemctl enable httpd\nsudo systemctl is-enabled httpd\ngit clone https://github.com/stackitgit/CliXX_Retail_Repository.git\ncp -r CliXX_Retail_Repository/* /var/www/html\n\n\n",
            "template": "#!/bin/bash\n\nsudo yum update -y\nsudo yum install git -y\nsudo amazon-linux-extras install -y lamp-mariadb10.2-php7.2 php7.2\nsudo yum install -y httpd mariadb-server\nsudo systemctl start httpd\nsudo systemctl enable httpd\nsudo systemctl is-enabled httpd\ngit clone ${GIT_REPO}\ncp -r CliXX_Retail_Repository/* /var/www/html\n\n\n",
            "vars": {
              "GIT_REPO": "https://github.com/stackitgit/CliXX_Retail_Repository.git"
            }
          },
          "sensitive_attributes": []
        }
      ]
    },
    {
      "module": "module.ASG-BASE[0]",
      "mode": "managed",
      "type": "aws_autoscaling_group",
      "name": "scale",
      "provider": "provider[\"registry.terraform.io/hashicorp/aws\"]",
      "instances": [
        {
          "schema_version": 1,
          "attributes": {
            "arn": "arn:aws:autoscaling:us-east-1:533267419089:autoScalingGroup:4bc36090-d72c-4e9b-a9ea-6afb9c362492:autoScalingGroupName/Clixx-ASG",
            "availability_zones": [
              "us-east-1a",
              "us-east-1b",
              "us-east-1c",
              "us-east-1d"
            ],
            "capacity_rebalance": false,
            "context": "",
            "default_cooldown": 300,
            "default_instance_warmup": 0,
            "desired_capacity": 2,
            "desired_capacity_type": "",
            "enabled_metrics": null,
            "force_delete": false,
            "force_delete_warm_pool": false,
            "health_check_grace_period": 30,
            "health_check_type": "EC2",
            "id": "Clixx-ASG",
            "ignore_failed_scaling_activities": false,
            "initial_lifecycle_hook": [],
            "instance_maintenance_policy": [],
            "instance_refresh": [],
            "launch_configuration": "",
            "launch_template": [
              {
                "id": "lt-0a841c6b59a42501b",
                "name": "Clixx-LT",
                "version": "1"
              }
            ],
            "load_balancers": [],
            "max_instance_lifetime": 0,
            "max_size": 4,
            "metrics_granularity": "1Minute",
            "min_elb_capacity": null,
            "min_size": 2,
            "mixed_instances_policy": [],
            "name": "Clixx-ASG",
            "name_prefix": "",
            "placement_group": "",
            "predicted_capacity": 0,
            "protect_from_scale_in": false,
            "service_linked_role_arn": "arn:aws:iam::533267419089:role/aws-service-role/autoscaling.amazonaws.com/AWSServiceRoleForAutoScaling",
            "suspended_processes": null,
            "tag": [
              {
                "key": "Name",
                "propagate_at_launch": true,
                "value": "Clixx-ASG-tags"
              }
            ],
            "target_group_arns": [
              "arn:aws:elasticloadbalancing:us-east-1:533267419089:targetgroup/Clixx-LTG/cef104c182770363"
            ],
            "termination_policies": null,
            "timeouts": null,
            "traffic_source": [
              {
                "identifier": "arn:aws:elasticloadbalancing:us-east-1:533267419089:targetgroup/Clixx-LTG/cef104c182770363",
                "type": "elbv2"
              }
            ],
            "vpc_zone_identifier": [
              "subnet-01126ecf89335cfb7",
              "subnet-015c0d22465c1a320",
              "subnet-043d6002b1c2fa406",
              "subnet-078613bbafffc2118"
            ],
            "wait_for_capacity_timeout": "10m",
            "wait_for_elb_capacity": null,
            "warm_pool": [],
            "warm_pool_size": 0
          },
          "sensitive_attributes": [],
          "private": "eyJlMmJmYjczMC1lY2FhLTExZTYtOGY4OC0zNDM2M2JjN2M0YzAiOnsiZGVsZXRlIjo2MDAwMDAwMDAwMDAsInVwZGF0ZSI6NjAwMDAwMDAwMDAwfSwic2NoZW1hX3ZlcnNpb24iOiIxIn0=",
          "dependencies": [
            "module.ASG-BASE.aws_launch_template.takeoff",
            "module.ASG-BASE.aws_lb_target_group.balance",
            "module.SECURITY-BASE.aws_security_group.stack"
          ]
        }
      ]
    },
    {
      "module": "module.ASG-BASE[0]",
      "mode": "managed",
      "type": "aws_launch_template",
      "name": "takeoff",
      "provider": "provider[\"registry.terraform.io/hashicorp/aws\"]",
      "instances": [
        {
          "schema_version": 0,
          "attributes": {
            "arn": "arn:aws:ec2:us-east-1:533267419089:launch-template/lt-0a841c6b59a42501b",
            "block_device_mappings": [],
            "capacity_reservation_specification": [],
            "cpu_options": [],
            "credit_specification": [],
            "default_version": 1,
            "description": "",
            "disable_api_stop": false,
            "disable_api_termination": false,
            "ebs_optimized": "",
            "elastic_gpu_specifications": [],
            "elastic_inference_accelerator": [],
            "enclave_options": [],
            "hibernation_options": [],
            "iam_instance_profile": [],
            "id": "lt-0a841c6b59a42501b",
            "image_id": "ami-06e338ebabfd5b06f",
            "instance_initiated_shutdown_behavior": "",
            "instance_market_options": [],
            "instance_requirements": [],
            "instance_type": "t2.micro",
            "kernel_id": "",
            "key_name": "",
            "latest_version": 1,
            "license_specification": [],
            "maintenance_options": [],
            "metadata_options": [],
            "monitoring": [],
            "name": "Clixx-LT",
            "name_prefix": "",
            "network_interfaces": [],
            "placement": [],
            "private_dns_name_options": [],
            "ram_disk_id": "",
            "security_group_names": null,
            "tag_specifications": [],
            "tags": {
              "Name": "AWS_Launch_Temp"
            },
            "tags_all": {
              "Name": "AWS_Launch_Temp"
            },
            "update_default_version": null,
            "user_data": "IyEvYmluL2Jhc2gKCnN1ZG8geXVtIHVwZGF0ZSAteQpzdWRvIHl1bSBpbnN0YWxsIGdpdCAteQpzdWRvIGFtYXpvbi1saW51eC1leHRyYXMgaW5zdGFsbCAteSBsYW1wLW1hcmlhZGIxMC4yLXBocDcuMiBwaHA3LjIKc3VkbyB5dW0gaW5zdGFsbCAteSBodHRwZCBtYXJpYWRiLXNlcnZlcgpzdWRvIHN5c3RlbWN0bCBzdGFydCBodHRwZApzdWRvIHN5c3RlbWN0bCBlbmFibGUgaHR0cGQKc3VkbyBzeXN0ZW1jdGwgaXMtZW5hYmxlZCBodHRwZApnaXQgY2xvbmUgJHtHSVRfUkVQT30KY3AgLXIgQ2xpWFhfUmV0YWlsX1JlcG9zaXRvcnkvKiAvdmFyL3d3dy9odG1sCgoK",
            "vpc_security_group_ids": [
              "sg-0105b538c6902bc2e"
            ]
          },
          "sensitive_attributes": [],
          "private": "bnVsbA==",
          "dependencies": [
            "module.SECURITY-BASE.aws_security_group.stack"
          ]
        }
      ]
    },
    {
      "module": "module.ASG-BASE[0]",
      "mode": "managed",
      "type": "aws_lb",
      "name": "balance",
      "provider": "provider[\"registry.terraform.io/hashicorp/aws\"]",
      "instances": [
        {
          "schema_version": 0,
          "attributes": {
            "access_logs": [
              {
                "bucket": "",
                "enabled": false,
                "prefix": ""
              }
            ],
            "arn": "arn:aws:elasticloadbalancing:us-east-1:533267419089:loadbalancer/app/Clixx-ALB/8131008a3159b164",
            "arn_suffix": "app/Clixx-ALB/8131008a3159b164",
            "connection_logs": [
              {
                "bucket": "",
                "enabled": false,
                "prefix": ""
              }
            ],
            "customer_owned_ipv4_pool": "",
            "desync_mitigation_mode": "defensive",
            "dns_name": "Clixx-ALB-2073087511.us-east-1.elb.amazonaws.com",
            "dns_record_client_routing_policy": null,
            "drop_invalid_header_fields": false,
            "enable_cross_zone_load_balancing": true,
            "enable_deletion_protection": false,
            "enable_http2": true,
            "enable_tls_version_and_cipher_suite_headers": false,
            "enable_waf_fail_open": false,
            "enable_xff_client_port": false,
            "enforce_security_group_inbound_rules_on_private_link_traffic": "",
            "id": "arn:aws:elasticloadbalancing:us-east-1:533267419089:loadbalancer/app/Clixx-ALB/8131008a3159b164",
            "idle_timeout": 60,
            "internal": false,
            "ip_address_type": "ipv4",
            "load_balancer_type": "application",
            "name": "Clixx-ALB",
            "name_prefix": "",
            "preserve_host_header": false,
            "security_groups": [
              "sg-0105b538c6902bc2e"
            ],
            "subnet_mapping": [
              {
                "allocation_id": "",
                "ipv6_address": "",
                "outpost_id": "",
                "private_ipv4_address": "",
                "subnet_id": "subnet-01126ecf89335cfb7"
              },
              {
                "allocation_id": "",
                "ipv6_address": "",
                "outpost_id": "",
                "private_ipv4_address": "",
                "subnet_id": "subnet-015c0d22465c1a320"
              },
              {
                "allocation_id": "",
                "ipv6_address": "",
                "outpost_id": "",
                "private_ipv4_address": "",
                "subnet_id": "subnet-043d6002b1c2fa406"
              },
              {
                "allocation_id": "",
                "ipv6_address": "",
                "outpost_id": "",
                "private_ipv4_address": "",
                "subnet_id": "subnet-078613bbafffc2118"
              }
            ],
            "subnets": [
              "subnet-01126ecf89335cfb7",
              "subnet-015c0d22465c1a320",
              "subnet-043d6002b1c2fa406",
              "subnet-078613bbafffc2118"
            ],
            "tags": null,
            "tags_all": {},
            "timeouts": null,
            "vpc_id": "vpc-0d7572c32c89d9d9f",
            "xff_header_processing_mode": "append",
            "zone_id": "Z35SXDOTRQ7X7K"
          },
          "sensitive_attributes": [],
          "private": "eyJlMmJmYjczMC1lY2FhLTExZTYtOGY4OC0zNDM2M2JjN2M0YzAiOnsiY3JlYXRlIjo2MDAwMDAwMDAwMDAsImRlbGV0ZSI6NjAwMDAwMDAwMDAwLCJ1cGRhdGUiOjYwMDAwMDAwMDAwMH19",
          "dependencies": [
            "module.SECURITY-BASE.aws_security_group.stack"
          ]
        }
      ]
    },
    {
      "module": "module.ASG-BASE[0]",
      "mode": "managed",
      "type": "aws_lb_listener",
      "name": "front_end",
      "provider": "provider[\"registry.terraform.io/hashicorp/aws\"]",
      "instances": [
        {
          "schema_version": 0,
          "attributes": {
            "alpn_policy": null,
            "arn": "arn:aws:elasticloadbalancing:us-east-1:533267419089:listener/app/Clixx-ALB/8131008a3159b164/4de72b0f84533abc",
            "certificate_arn": null,
            "default_action": [
              {
                "authenticate_cognito": [],
                "authenticate_oidc": [],
                "fixed_response": [],
                "forward": [],
                "order": 1,
                "redirect": [],
                "target_group_arn": "arn:aws:elasticloadbalancing:us-east-1:533267419089:targetgroup/Clixx-LTG/cef104c182770363",
                "type": "forward"
              }
            ],
            "id": "arn:aws:elasticloadbalancing:us-east-1:533267419089:listener/app/Clixx-ALB/8131008a3159b164/4de72b0f84533abc",
            "load_balancer_arn": "arn:aws:elasticloadbalancing:us-east-1:533267419089:loadbalancer/app/Clixx-ALB/8131008a3159b164",
            "mutual_authentication": [],
            "port": 80,
            "protocol": "HTTP",
            "ssl_policy": "",
            "tags": null,
            "tags_all": {},
            "timeouts": null
          },
          "sensitive_attributes": [],
          "private": "eyJlMmJmYjczMC1lY2FhLTExZTYtOGY4OC0zNDM2M2JjN2M0YzAiOnsiY3JlYXRlIjozMDAwMDAwMDAwMDAsInVwZGF0ZSI6MzAwMDAwMDAwMDAwfX0=",
          "dependencies": [
            "module.ASG-BASE.aws_lb.balance",
            "module.ASG-BASE.aws_lb_target_group.balance",
            "module.SECURITY-BASE.aws_security_group.stack"
          ]
        }
      ]
    },
    {
      "module": "module.ASG-BASE[0]",
      "mode": "managed",
      "type": "aws_lb_target_group",
      "name": "balance",
      "provider": "provider[\"registry.terraform.io/hashicorp/aws\"]",
      "instances": [
        {
          "schema_version": 0,
          "attributes": {
            "arn": "arn:aws:elasticloadbalancing:us-east-1:533267419089:targetgroup/Clixx-LTG/cef104c182770363",
            "arn_suffix": "targetgroup/Clixx-LTG/cef104c182770363",
            "connection_termination": null,
            "deregistration_delay": "300",
            "health_check": [
              {
                "enabled": true,
                "healthy_threshold": 5,
                "interval": 30,
                "matcher": "200",
                "path": "/",
                "port": "traffic-port",
                "protocol": "HTTP",
                "timeout": 5,
                "unhealthy_threshold": 2
              }
            ],
            "id": "arn:aws:elasticloadbalancing:us-east-1:533267419089:targetgroup/Clixx-LTG/cef104c182770363",
            "ip_address_type": "ipv4",
            "lambda_multi_value_headers_enabled": false,
            "load_balancer_arns": [],
            "load_balancing_algorithm_type": "round_robin",
            "load_balancing_anomaly_mitigation": "off",
            "load_balancing_cross_zone_enabled": "use_load_balancer_configuration",
            "name": "Clixx-LTG",
            "name_prefix": "",
            "port": 80,
            "preserve_client_ip": null,
            "protocol": "HTTP",
            "protocol_version": "HTTP1",
            "proxy_protocol_v2": false,
            "slow_start": 0,
            "stickiness": [
              {
                "cookie_duration": 86400,
                "cookie_name": "",
                "enabled": false,
                "type": "lb_cookie"
              }
            ],
            "tags": null,
            "tags_all": {},
            "target_failover": [
              {
                "on_deregistration": null,
                "on_unhealthy": null
              }
            ],
            "target_health_state": [
              {
                "enable_unhealthy_connection_termination": null
              }
            ],
            "target_type": "instance",
            "vpc_id": "vpc-0d7572c32c89d9d9f"
          },
          "sensitive_attributes": [],
          "private": "bnVsbA=="
        }
      ]
    },
    {
      "module": "module.EC2-BASE[0]",
      "mode": "managed",
      "type": "aws_instance",
      "name": "server",
      "provider": "provider[\"registry.terraform.io/hashicorp/aws\"]",
      "instances": [
        {
          "index_key": 0,
          "schema_version": 1,
          "attributes": {
            "ami": "ami-06e338ebabfd5b06f",
            "arn": "arn:aws:ec2:us-east-1:533267419089:instance/i-0494d5e531d1707fc",
            "associate_public_ip_address": true,
            "availability_zone": "us-east-1c",
            "capacity_reservation_specification": [
              {
                "capacity_reservation_preference": "open",
                "capacity_reservation_target": []
              }
            ],
            "cpu_core_count": 1,
            "cpu_options": [
              {
                "amd_sev_snp": "",
                "core_count": 1,
                "threads_per_core": 1
              }
            ],
            "cpu_threads_per_core": 1,
            "credit_specification": [
              {
                "cpu_credits": "standard"
              }
            ],
            "disable_api_stop": false,
            "disable_api_termination": false,
            "ebs_block_device": [],
            "ebs_optimized": false,
            "enclave_options": [
              {
                "enabled": false
              }
            ],
            "ephemeral_block_device": [],
            "get_password_data": false,
            "hibernation": false,
            "host_id": "",
            "host_resource_group_arn": null,
            "iam_instance_profile": "",
            "id": "i-0494d5e531d1707fc",
            "instance_initiated_shutdown_behavior": "stop",
            "instance_lifecycle": "",
            "instance_market_options": [],
            "instance_state": "running",
            "instance_type": "t2.micro",
            "ipv6_address_count": 0,
            "ipv6_addresses": [],
            "key_name": "",
            "launch_template": [],
            "maintenance_options": [
              {
                "auto_recovery": "default"
              }
            ],
            "metadata_options": [
              {
                "http_endpoint": "enabled",
                "http_protocol_ipv6": "disabled",
                "http_put_response_hop_limit": 1,
                "http_tokens": "optional",
                "instance_metadata_tags": "disabled"
              }
            ],
            "monitoring": false,
            "network_interface": [],
            "outpost_arn": "",
            "password_data": "",
            "placement_group": "",
            "placement_partition_number": 0,
            "primary_network_interface_id": "eni-0428c7d0710518715",
            "private_dns": "ip-172-31-34-104.ec2.internal",
            "private_dns_name_options": [
              {
                "enable_resource_name_dns_a_record": false,
                "enable_resource_name_dns_aaaa_record": false,
                "hostname_type": "ip-name"
              }
            ],
            "private_ip": "172.31.34.104",
            "public_dns": "ec2-54-145-246-69.compute-1.amazonaws.com",
            "public_ip": "54.145.246.69",
            "root_block_device": [
              {
                "delete_on_termination": true,
                "device_name": "/dev/xvda",
                "encrypted": true,
                "iops": 100,
                "kms_key_id": "arn:aws:kms:us-east-1:533267419089:key/8f8422d4-2875-4cc6-989f-72787e932423",
                "tags": null,
                "tags_all": {},
                "throughput": 0,
                "volume_id": "vol-0a0d62b861a95fd67",
                "volume_size": 30,
                "volume_type": "gp2"
              }
            ],
            "secondary_private_ips": [],
            "security_groups": [
              "CliXX-sg"
            ],
            "source_dest_check": true,
            "spot_instance_request_id": "",
            "subnet_id": "subnet-01126ecf89335cfb7",
            "tags": {
              "Name": "Application_Server_Aut"
            },
            "tags_all": {
              "Name": "Application_Server_Aut"
            },
            "tenancy": "default",
            "timeouts": null,
            "user_data": "42b04adbdf0e7bf50f28bf2804e5ec17387e16a5",
            "user_data_base64": null,
            "user_data_replace_on_change": false,
            "volume_tags": null,
            "vpc_security_group_ids": [
              "sg-0105b538c6902bc2e"
            ]
          },
          "sensitive_attributes": [],
          "private": "eyJlMmJmYjczMC1lY2FhLTExZTYtOGY4OC0zNDM2M2JjN2M0YzAiOnsiY3JlYXRlIjo2MDAwMDAwMDAwMDAsImRlbGV0ZSI6MTIwMDAwMDAwMDAwMCwicmVhZCI6OTAwMDAwMDAwMDAwLCJ1cGRhdGUiOjYwMDAwMDAwMDAwMH0sInNjaGVtYV92ZXJzaW9uIjoiMSJ9",
          "dependencies": [
            "data.aws_ami.stack_ami",
            "module.SECURITY-BASE.aws_security_group.stack"
          ]
        }
      ]
    },
    {
      "module": "module.EFS-BASE[0]",
      "mode": "managed",
      "type": "aws_efs_file_system",
      "name": "efs",
      "provider": "provider[\"registry.terraform.io/hashicorp/aws\"]",
      "instances": [
        {
          "schema_version": 0,
          "attributes": {
            "arn": "arn:aws:elasticfilesystem:us-east-1:533267419089:file-system/fs-03e657b52153f4a41",
            "availability_zone_id": "",
            "availability_zone_name": "",
            "creation_token": "Clixx-efs",
            "dns_name": "fs-03e657b52153f4a41.efs.us-east-1.amazonaws.com",
            "encrypted": false,
            "id": "fs-03e657b52153f4a41",
            "kms_key_id": "",
            "lifecycle_policy": [],
            "name": "CliXX_File_System",
            "number_of_mount_targets": 0,
            "owner_id": "533267419089",
            "performance_mode": "generalPurpose",
            "protection": [
              {
                "replication_overwrite": "ENABLED"
              }
            ],
            "provisioned_throughput_in_mibps": 0,
            "size_in_bytes": [
              {
                "value": 6144,
                "value_in_ia": 0,
                "value_in_standard": 6144
              }
            ],
            "tags": {
              "Backup": "yes",
              "Environment": "dev",
              "Name": "CliXX_File_System",
              "OwnerEmail": "ayanfeafelumo@gmail.com",
              "Region": "us-east-1",
              "System": "Retail Reporting"
            },
            "tags_all": {
              "Backup": "yes",
              "Environment": "dev",
              "Name": "CliXX_File_System",
              "OwnerEmail": "ayanfeafelumo@gmail.com",
              "Region": "us-east-1",
              "System": "Retail Reporting"
            },
            "throughput_mode": "bursting"
          },
          "sensitive_attributes": [],
          "private": "bnVsbA=="
        }
      ]
    },
    {
      "module": "module.EFS-BASE[0]",
      "mode": "managed",
      "type": "aws_efs_mount_target",
      "name": "mount",
      "provider": "provider[\"registry.terraform.io/hashicorp/aws\"]",
      "instances": [
        {
          "index_key": 0,
          "schema_version": 0,
          "attributes": {
            "availability_zone_id": "use1-az6",
            "availability_zone_name": "us-east-1c",
            "dns_name": "fs-03e657b52153f4a41.efs.us-east-1.amazonaws.com",
            "file_system_arn": "arn:aws:elasticfilesystem:us-east-1:533267419089:file-system/fs-03e657b52153f4a41",
            "file_system_id": "fs-03e657b52153f4a41",
            "id": "fsmt-057cb321aadf507b4",
            "ip_address": "172.31.43.36",
            "mount_target_dns_name": "us-east-1c.fs-03e657b52153f4a41.efs.us-east-1.amazonaws.com",
            "network_interface_id": "eni-0c0338f733fb9278a",
            "owner_id": "533267419089",
            "security_groups": [
              "sg-0105b538c6902bc2e"
            ],
            "subnet_id": "subnet-01126ecf89335cfb7",
            "timeouts": null
          },
          "sensitive_attributes": [],
          "private": "eyJlMmJmYjczMC1lY2FhLTExZTYtOGY4OC0zNDM2M2JjN2M0YzAiOnsiY3JlYXRlIjoxODAwMDAwMDAwMDAwLCJkZWxldGUiOjYwMDAwMDAwMDAwMH19",
          "dependencies": [
            "module.EFS-BASE.aws_efs_file_system.efs",
            "module.SECURITY-BASE.aws_security_group.stack"
          ]
        },
        {
          "index_key": 1,
          "schema_version": 0,
          "attributes": {
            "availability_zone_id": "use1-az1",
            "availability_zone_name": "us-east-1d",
            "dns_name": "fs-03e657b52153f4a41.efs.us-east-1.amazonaws.com",
            "file_system_arn": "arn:aws:elasticfilesystem:us-east-1:533267419089:file-system/fs-03e657b52153f4a41",
            "file_system_id": "fs-03e657b52153f4a41",
            "id": "fsmt-0df40a3705c43a1e5",
            "ip_address": "172.31.11.6",
            "mount_target_dns_name": "us-east-1d.fs-03e657b52153f4a41.efs.us-east-1.amazonaws.com",
            "network_interface_id": "eni-0ad6dd8856d5399c2",
            "owner_id": "533267419089",
            "security_groups": [
              "sg-0105b538c6902bc2e"
            ],
            "subnet_id": "subnet-015c0d22465c1a320",
            "timeouts": null
          },
          "sensitive_attributes": [],
          "private": "eyJlMmJmYjczMC1lY2FhLTExZTYtOGY4OC0zNDM2M2JjN2M0YzAiOnsiY3JlYXRlIjoxODAwMDAwMDAwMDAwLCJkZWxldGUiOjYwMDAwMDAwMDAwMH19",
          "dependencies": [
            "module.EFS-BASE.aws_efs_file_system.efs",
            "module.SECURITY-BASE.aws_security_group.stack"
          ]
        },
        {
          "index_key": 2,
          "schema_version": 0,
          "attributes": {
            "availability_zone_id": "use1-az2",
            "availability_zone_name": "us-east-1a",
            "dns_name": "fs-03e657b52153f4a41.efs.us-east-1.amazonaws.com",
            "file_system_arn": "arn:aws:elasticfilesystem:us-east-1:533267419089:file-system/fs-03e657b52153f4a41",
            "file_system_id": "fs-03e657b52153f4a41",
            "id": "fsmt-0df7a566b04a8cf63",
            "ip_address": "172.31.93.15",
            "mount_target_dns_name": "us-east-1a.fs-03e657b52153f4a41.efs.us-east-1.amazonaws.com",
            "network_interface_id": "eni-04a08e0aaec40a40b",
            "owner_id": "533267419089",
            "security_groups": [
              "sg-0105b538c6902bc2e"
            ],
            "subnet_id": "subnet-043d6002b1c2fa406",
            "timeouts": null
          },
          "sensitive_attributes": [],
          "private": "eyJlMmJmYjczMC1lY2FhLTExZTYtOGY4OC0zNDM2M2JjN2M0YzAiOnsiY3JlYXRlIjoxODAwMDAwMDAwMDAwLCJkZWxldGUiOjYwMDAwMDAwMDAwMH19",
          "dependencies": [
            "module.EFS-BASE.aws_efs_file_system.efs",
            "module.SECURITY-BASE.aws_security_group.stack"
          ]
        },
        {
          "index_key": 3,
          "schema_version": 0,
          "attributes": {
            "availability_zone_id": "use1-az4",
            "availability_zone_name": "us-east-1b",
            "dns_name": "fs-03e657b52153f4a41.efs.us-east-1.amazonaws.com",
            "file_system_arn": "arn:aws:elasticfilesystem:us-east-1:533267419089:file-system/fs-03e657b52153f4a41",
            "file_system_id": "fs-03e657b52153f4a41",
            "id": "fsmt-06e19b409c6408f22",
            "ip_address": "172.31.30.73",
            "mount_target_dns_name": "us-east-1b.fs-03e657b52153f4a41.efs.us-east-1.amazonaws.com",
            "network_interface_id": "eni-05bb24fc5c05ba681",
            "owner_id": "533267419089",
            "security_groups": [
              "sg-0105b538c6902bc2e"
            ],
            "subnet_id": "subnet-078613bbafffc2118",
            "timeouts": null
          },
          "sensitive_attributes": [],
          "private": "eyJlMmJmYjczMC1lY2FhLTExZTYtOGY4OC0zNDM2M2JjN2M0YzAiOnsiY3JlYXRlIjoxODAwMDAwMDAwMDAwLCJkZWxldGUiOjYwMDAwMDAwMDAwMH19",
          "dependencies": [
            "module.EFS-BASE.aws_efs_file_system.efs",
            "module.SECURITY-BASE.aws_security_group.stack"
          ]
        }
      ]
    },
    {
      "module": "module.RDS-BASE[0]",
      "mode": "data",
      "type": "aws_db_snapshot",
      "name": "stack",
      "provider": "provider[\"registry.terraform.io/hashicorp/aws\"]",
      "instances": [
        {
          "schema_version": 0,
          "attributes": {
            "allocated_storage": 20,
            "availability_zone": "us-east-1a",
            "db_instance_identifier": "wordpressdbclixx-ecs",
            "db_snapshot_arn": "arn:aws:rds:us-east-1:577701061234:snapshot:wordpressdbclixx-ecs-snapshot",
            "db_snapshot_identifier": "arn:aws:rds:us-east-1:577701061234:snapshot:wordpressdbclixx-ecs-snapshot",
            "encrypted": false,
            "engine": "mysql",
            "engine_version": "8.0.28",
            "id": "arn:aws:rds:us-east-1:577701061234:snapshot:wordpressdbclixx-ecs-snapshot",
            "include_public": false,
            "include_shared": true,
            "iops": 0,
            "kms_key_id": "",
            "license_model": "general-public-license",
            "most_recent": false,
            "option_group_name": "default:mysql-8-0",
            "port": 3306,
            "snapshot_create_time": "2023-04-04T12:38:42Z",
            "snapshot_type": "shared",
            "source_db_snapshot_identifier": "",
            "source_region": "",
            "status": "available",
            "storage_type": "gp2",
            "tags": {},
            "vpc_id": "vpc-030febc778876c19f"
          },
          "sensitive_attributes": []
        }
      ]
    },
    {
      "module": "module.RDS-BASE[0]",
      "mode": "managed",
      "type": "aws_db_instance",
      "name": "stack",
      "provider": "provider[\"registry.terraform.io/hashicorp/aws\"]",
      "instances": [
        {
          "schema_version": 2,
          "attributes": {
            "address": "terraform-20240323194544976900000001.cvgaee0scs3a.us-east-1.rds.amazonaws.com",
            "allocated_storage": 20,
            "allow_major_version_upgrade": null,
            "apply_immediately": false,
            "arn": "arn:aws:rds:us-east-1:533267419089:db:terraform-20240323194544976900000001",
            "auto_minor_version_upgrade": true,
            "availability_zone": "us-east-1c",
            "backup_retention_period": 0,
            "backup_target": "region",
            "backup_window": "08:17-08:47",
            "blue_green_update": [],
            "ca_cert_identifier": "rds-ca-rsa2048-g1",
            "character_set_name": "",
            "copy_tags_to_snapshot": false,
            "custom_iam_instance_profile": "",
            "customer_owned_ip_enabled": false,
            "db_name": "wordpressdb",
            "db_subnet_group_name": "default",
            "delete_automated_backups": true,
            "deletion_protection": false,
            "domain": "",
            "domain_auth_secret_arn": "",
            "domain_dns_ips": null,
            "domain_fqdn": "",
            "domain_iam_role_name": "",
            "domain_ou": "",
            "enabled_cloudwatch_logs_exports": null,
            "endpoint": "terraform-20240323194544976900000001.cvgaee0scs3a.us-east-1.rds.amazonaws.com:3306",
            "engine": "mysql",
            "engine_version": "8.0.28",
            "engine_version_actual": "8.0.28",
            "final_snapshot_identifier": null,
            "hosted_zone_id": "Z2R2ITUGPM61AM",
            "iam_database_authentication_enabled": false,
            "id": "db-DTKV5ARO2OKSUZDOWJW4L5XYBE",
            "identifier": "terraform-20240323194544976900000001",
            "identifier_prefix": "terraform-",
            "instance_class": "db.t2.micro",
            "iops": 0,
            "kms_key_id": "",
            "latest_restorable_time": "",
            "license_model": "general-public-license",
            "listener_endpoint": [],
            "maintenance_window": "sun:06:00-sun:06:30",
            "manage_master_user_password": null,
            "master_user_secret": [],
            "master_user_secret_kms_key_id": null,
            "max_allocated_storage": 0,
            "monitoring_interval": 0,
            "monitoring_role_arn": "",
            "multi_az": false,
            "nchar_character_set_name": "",
            "network_type": "IPV4",
            "option_group_name": "default:mysql-8-0",
            "parameter_group_name": "default.mysql8.0",
            "password": null,
            "performance_insights_enabled": false,
            "performance_insights_kms_key_id": "",
            "performance_insights_retention_period": 0,
            "port": 3306,
            "publicly_accessible": false,
            "replica_mode": "",
            "replicas": [],
            "replicate_source_db": "",
            "resource_id": "db-DTKV5ARO2OKSUZDOWJW4L5XYBE",
            "restore_to_point_in_time": [],
            "s3_import": [],
            "skip_final_snapshot": true,
            "snapshot_identifier": "arn:aws:rds:us-east-1:577701061234:snapshot:wordpressdbclixx-ecs-snapshot",
            "status": "available",
            "storage_encrypted": false,
            "storage_throughput": 0,
            "storage_type": "gp2",
            "tags": {
              "Name": "Clixx-dbname"
            },
            "tags_all": {
              "Name": "Clixx-dbname"
            },
            "timeouts": null,
            "timezone": "",
            "username": "wordpressuser",
            "vpc_security_group_ids": [
              "sg-0284f2f959cdfffdc"
            ]
          },
          "sensitive_attributes": [],
          "private": "eyJlMmJmYjczMC1lY2FhLTExZTYtOGY4OC0zNDM2M2JjN2M0YzAiOnsiY3JlYXRlIjoyNDAwMDAwMDAwMDAwLCJkZWxldGUiOjM2MDAwMDAwMDAwMDAsInVwZGF0ZSI6NDgwMDAwMDAwMDAwMH0sInNjaGVtYV92ZXJzaW9uIjoiMiJ9",
          "dependencies": [
            "module.RDS-BASE.data.aws_db_snapshot.stack"
          ]
        }
      ]
    },
    {
      "module": "module.SECURITY-BASE[0]",
      "mode": "managed",
      "type": "aws_security_group",
      "name": "stack",
      "provider": "provider[\"registry.terraform.io/hashicorp/aws\"]",
      "instances": [
        {
          "schema_version": 1,
          "attributes": {
            "arn": "arn:aws:ec2:us-east-1:533267419089:security-group/sg-0105b538c6902bc2e",
            "description": "Managed by Terraform",
            "egress": [
              {
                "cidr_blocks": [
                  "0.0.0.0/0"
                ],
                "description": "",
                "from_port": 0,
                "ipv6_cidr_blocks": [],
                "prefix_list_ids": [],
                "protocol": "-1",
                "security_groups": [],
                "self": false,
                "to_port": 0
              }
            ],
            "id": "sg-0105b538c6902bc2e",
            "ingress": [
              {
                "cidr_blocks": [
                  "0.0.0.0/0"
                ],
                "description": "Allow all request from anywhere",
                "from_port": 2049,
                "ipv6_cidr_blocks": [
                  "::/0"
                ],
                "prefix_list_ids": [],
                "protocol": "tcp",
                "security_groups": [],
                "self": false,
                "to_port": 2049
              },
              {
                "cidr_blocks": [
                  "0.0.0.0/0"
                ],
                "description": "Allow all request from anywhere",
                "from_port": 22,
                "ipv6_cidr_blocks": [
                  "::/0"
                ],
                "prefix_list_ids": [],
                "protocol": "tcp",
                "security_groups": [],
                "self": false,
                "to_port": 22
              },
              {
                "cidr_blocks": [
                  "0.0.0.0/0"
                ],
                "description": "Allow all request from anywhere",
                "from_port": 3306,
                "ipv6_cidr_blocks": [
                  "::/0"
                ],
                "prefix_list_ids": [],
                "protocol": "tcp",
                "security_groups": [],
                "self": false,
                "to_port": 3306
              },
              {
                "cidr_blocks": [
                  "0.0.0.0/0"
                ],
                "description": "Allow all request from anywhere",
                "from_port": 80,
                "ipv6_cidr_blocks": [
                  "::/0"
                ],
                "prefix_list_ids": [],
                "protocol": "tcp",
                "security_groups": [],
                "self": false,
                "to_port": 80
              }
            ],
            "name": "CliXX-sg",
            "name_prefix": "",
            "owner_id": "533267419089",
            "revoke_rules_on_delete": false,
            "tags": {
              "Name": "security_grp"
            },
            "tags_all": {
              "Name": "security_grp"
            },
            "timeouts": {
              "create": null,
              "delete": "2m"
            },
            "vpc_id": "vpc-0d7572c32c89d9d9f"
          },
          "sensitive_attributes": [],
          "private": "eyJlMmJmYjczMC1lY2FhLTExZTYtOGY4OC0zNDM2M2JjN2M0YzAiOnsiY3JlYXRlIjo2MDAwMDAwMDAwMDAsImRlbGV0ZSI6MTIwMDAwMDAwMDAwfSwic2NoZW1hX3ZlcnNpb24iOiIxIn0=",
          "create_before_destroy": true
        }
      ]
    }
  ],
  "check_results": [
    {
      "object_kind": "var",
      "config_addr": "module.CORE-INFO.var.required_tags",
      "status": "pass",
      "objects": [
        {
          "object_addr": "module.CORE-INFO.var.required_tags",
          "status": "pass"
        }
      ]
    }
  ]
}
